// !$*UTF8*$!
{
	archiveVersion = 1;
	classes = {
	};
	objectVersion = 56;
	objects = {

/* Begin PBXBuildFile section */
		F366AECE2CF8877400D05D24 /* ReforestApp.swift in Sources */ = {isa = PBXBuildFile; fileRef = F366AECD2CF8877400D05D24 /* ReforestApp.swift */; };
		F366AED02CF8877400D05D24 /* ContentView2.swift in Sources */ = {isa = PBXBuildFile; fileRef = F366AECF2CF8877400D05D24 /* ContentView2.swift */; };
		F366AED22CF8877600D05D24 /* Assets.xcassets in Resources */ = {isa = PBXBuildFile; fileRef = F366AED12CF8877600D05D24 /* Assets.xcassets */; };
		F366AED52CF8877600D05D24 /* Preview Assets.xcassets in Resources */ = {isa = PBXBuildFile; fileRef = F366AED42CF8877600D05D24 /* Preview Assets.xcassets */; };
		F366AED72CF8877600D05D24 /* Persistence.swift in Sources */ = {isa = PBXBuildFile; fileRef = F366AED62CF8877600D05D24 /* Persistence.swift */; };
		F366AEDA2CF8877600D05D24 /* Reforest.xcdatamodeld in Sources */ = {isa = PBXBuildFile; fileRef = F366AED82CF8877600D05D24 /* Reforest.xcdatamodeld */; };
		F366AEE12CF887AE00D05D24 /* ContentView.swift in Sources */ = {isa = PBXBuildFile; fileRef = F366AEE02CF887AE00D05D24 /* ContentView.swift */; };
		F366AEE32CF8954900D05D24 /* ImagePicker.swift in Sources */ = {isa = PBXBuildFile; fileRef = F366AEE22CF8954900D05D24 /* ImagePicker.swift */; };
/* End PBXBuildFile section */

/* Begin PBXFileReference section */
		F366AECA2CF8877400D05D24 /* Reforest.app */ = {isa = PBXFileReference; explicitFileType = wrapper.application; includeInIndex = 0; path = Reforest.app; sourceTree = BUILT_PRODUCTS_DIR; };
		F366AECD2CF8877400D05D24 /* ReforestApp.swift */ = {isa = PBXFileReference; lastKnownFileType = sourcecode.swift; path = ReforestApp.swift; sourceTree = "<group>"; };
		F366AECF2CF8877400D05D24 /* ContentView2.swift */ = {isa = PBXFileReference; lastKnownFileType = sourcecode.swift; path = ContentView2.swift; sourceTree = "<group>"; };
		F366AED12CF8877600D05D24 /* Assets.xcassets */ = {isa = PBXFileReference; lastKnownFileType = folder.assetcatalog; path = Assets.xcassets; sourceTree = "<group>"; };
		F366AED42CF8877600D05D24 /* Preview Assets.xcassets */ = {isa = PBXFileReference; lastKnownFileType = folder.assetcatalog; path = "Preview Assets.xcassets"; sourceTree = "<group>"; };
		F366AED62CF8877600D05D24 /* Persistence.swift */ = {isa = PBXFileReference; lastKnownFileType = sourcecode.swift; path = Persistence.swift; sourceTree = "<group>"; };
		F366AED92CF8877600D05D24 /* Reforest.xcdatamodel */ = {isa = PBXFileReference; lastKnownFileType = wrapper.xcdatamodel; path = Reforest.xcdatamodel; sourceTree = "<group>"; };
		F366AEE02CF887AE00D05D24 /* ContentView.swift */ = {isa = PBXFileReference; lastKnownFileType = sourcecode.swift; path = ContentView.swift; sourceTree = "<group>"; };
		F366AEE22CF8954900D05D24 /* ImagePicker.swift */ = {isa = PBXFileReference; lastKnownFileType = sourcecode.swift; path = ImagePicker.swift; sourceTree = "<group>"; };
/* End PBXFileReference section */

/* Begin PBXFrameworksBuildPhase section */
		F366AEC72CF8877400D05D24 /* Frameworks */ = {
			isa = PBXFrameworksBuildPhase;
			buildActionMask = 2147483647;
			files = (
			);
			runOnlyForDeploymentPostprocessing = 0;
		};
/* End PBXFrameworksBuildPhase section */

/* Begin PBXGroup section */
		F366AEC12CF8877400D05D24 = {
			isa = PBXGroup;
			children = (
				F366AECC2CF8877400D05D24 /* Reforest */,
				F366AECB2CF8877400D05D24 /* Products */,
			);
			sourceTree = "<group>";
		};
		F366AECB2CF8877400D05D24 /* Products */ = {
			isa = PBXGroup;
			children = (
				F366AECA2CF8877400D05D24 /* Reforest.app */,
			);
			name = Products;
			sourceTree = "<group>";
		};
		F366AECC2CF8877400D05D24 /* Reforest */ = {
			isa = PBXGroup;
			children = (
				F366AECD2CF8877400D05D24 /* ReforestApp.swift */,
				F366AEE02CF887AE00D05D24 /* ContentView.swift */,
				F366AEE22CF8954900D05D24 /* ImagePicker.swift */,
				F366AECF2CF8877400D05D24 /* ContentView2.swift */,
				F366AED12CF8877600D05D24 /* Assets.xcassets */,
				F366AED62CF8877600D05D24 /* Persistence.swift */,
				F366AED82CF8877600D05D24 /* Reforest.xcdatamodeld */,
				F366AED32CF8877600D05D24 /* Preview Content */,
			);
			path = Reforest;
			sourceTree = "<group>";
		};
		F366AED32CF8877600D05D24 /* Preview Content */ = {
			isa = PBXGroup;
			children = (
				F366AED42CF8877600D05D24 /* Preview Assets.xcassets */,
			);
			path = "Preview Content";
			sourceTree = "<group>";
		};
/* End PBXGroup section */

/* Begin PBXNativeTarget section */
		F366AEC92CF8877400D05D24 /* Reforest */ = {
			isa = PBXNativeTarget;
			buildConfigurationList = F366AEDD2CF8877600D05D24 /* Build configuration list for PBXNativeTarget "Reforest" */;
			buildPhases = (
				F366AEC62CF8877400D05D24 /* Sources */,
				F366AEC72CF8877400D05D24 /* Frameworks */,
				F366AEC82CF8877400D05D24 /* Resources */,
			);
			buildRules = (
			);
			dependencies = (
			);
			name = Reforest;
			productName = Reforest;
			productReference = F366AECA2CF8877400D05D24 /* Reforest.app */;
			productType = "com.apple.product-type.application";
		};
/* End PBXNativeTarget section */

/* Begin PBXProject section */
		F366AEC22CF8877400D05D24 /* Project object */ = {
			isa = PBXProject;
			attributes = {
				BuildIndependentTargetsInParallel = 1;
				LastSwiftUpdateCheck = 1540;
				LastUpgradeCheck = 1540;
				TargetAttributes = {
					F366AEC92CF8877400D05D24 = {
						CreatedOnToolsVersion = 15.4;
					};
				};
			};
			buildConfigurationList = F366AEC52CF8877400D05D24 /* Build configuration list for PBXProject "Reforest" */;
			compatibilityVersion = "Xcode 14.0";
			developmentRegion = en;
			hasScannedForEncodings = 0;
			knownRegions = (
				en,
				Base,
			);
			mainGroup = F366AEC12CF8877400D05D24;
			productRefGroup = F366AECB2CF8877400D05D24 /* Products */;
			projectDirPath = "";
			projectRoot = "";
			targets = (
				F366AEC92CF8877400D05D24 /* Reforest */,
			);
		};
/* End PBXProject section */

/* Begin PBXResourcesBuildPhase section */
		F366AEC82CF8877400D05D24 /* Resources */ = {
			isa = PBXResourcesBuildPhase;
			buildActionMask = 2147483647;
			files = (
				F366AED52CF8877600D05D24 /* Preview Assets.xcassets in Resources */,
				F366AED22CF8877600D05D24 /* Assets.xcassets in Resources */,
			);
			runOnlyForDeploymentPostprocessing = 0;
		};
/* End PBXResourcesBuildPhase section */

/* Begin PBXSourcesBuildPhase section */
		F366AEC62CF8877400D05D24 /* Sources */ = {
			isa = PBXSourcesBuildPhase;
			buildActionMask = 2147483647;
			files = (
				F366AED72CF8877600D05D24 /* Persistence.swift in Sources */,
				F366AEE12CF887AE00D05D24 /* ContentView.swift in Sources */,
				F366AED02CF8877400D05D24 /* ContentView2.swift in Sources */,
				F366AEE32CF8954900D05D24 /* ImagePicker.swift in Sources */,
				F366AECE2CF8877400D05D24 /* ReforestApp.swift in Sources */,
				F366AEDA2CF8877600D05D24 /* Reforest.xcdatamodeld in Sources */,
			);
			runOnlyForDeploymentPostprocessing = 0;
		};
/* End PBXSourcesBuildPhase section */

/* Begin XCBuildConfiguration section */
		F366AEDB2CF8877600D05D24 /* Debug */ = {
			isa = XCBuildConfiguration;
			buildSettings = {
				ALWAYS_SEARCH_USER_PATHS = NO;
				ASSETCATALOG_COMPILER_GENERATE_SWIFT_ASSET_SYMBOL_EXTENSIONS = YES;
				CLANG_ANALYZER_NONNULL = YES;
				CLANG_ANALYZER_NUMBER_OBJECT_CONVERSION = YES_AGGRESSIVE;
				CLANG_CXX_LANGUAGE_STANDARD = "gnu++20";
				CLANG_ENABLE_MODULES = YES;
				CLANG_ENABLE_OBJC_ARC = YES;
				CLANG_ENABLE_OBJC_WEAK = YES;
				CLANG_WARN_BLOCK_CAPTURE_AUTORELEASING = YES;
				CLANG_WARN_BOOL_CONVERSION = YES;
				CLANG_WARN_COMMA = YES;
				CLANG_WARN_CONSTANT_CONVERSION = YES;
				CLANG_WARN_DEPRECATED_OBJC_IMPLEMENTATIONS = YES;
				CLANG_WARN_DIRECT_OBJC_ISA_USAGE = YES_ERROR;
				CLANG_WARN_DOCUMENTATION_COMMENTS = YES;
				CLANG_WARN_EMPTY_BODY = YES;
				CLANG_WARN_ENUM_CONVERSION = YES;
				CLANG_WARN_INFINITE_RECURSION = YES;
				CLANG_WARN_INT_CONVERSION = YES;
				CLANG_WARN_NON_LITERAL_NULL_CONVERSION = YES;
				CLANG_WARN_OBJC_IMPLICIT_RETAIN_SELF = YES;
				CLANG_WARN_OBJC_LITERAL_CONVERSION = YES;
				CLANG_WARN_OBJC_ROOT_CLASS = YES_ERROR;
				CLANG_WARN_QUOTED_INCLUDE_IN_FRAMEWORK_HEADER = YES;
				CLANG_WARN_RANGE_LOOP_ANALYSIS = YES;
				CLANG_WARN_STRICT_PROTOTYPES = YES;
				CLANG_WARN_SUSPICIOUS_MOVE = YES;
				CLANG_WARN_UNGUARDED_AVAILABILITY = YES_AGGRESSIVE;
				CLANG_WARN_UNREACHABLE_CODE = YES;
				CLANG_WARN__DUPLICATE_METHOD_MATCH = YES;
				COPY_PHASE_STRIP = NO;
				DEBUG_INFORMATION_FORMAT = dwarf;
				ENABLE_STRICT_OBJC_MSGSEND = YES;
				ENABLE_TESTABILITY = YES;
				ENABLE_USER_SCRIPT_SANDBOXING = YES;
				GCC_C_LANGUAGE_STANDARD = gnu17;
				GCC_DYNAMIC_NO_PIC = NO;
				GCC_NO_COMMON_BLOCKS = YES;
				GCC_OPTIMIZATION_LEVEL = 0;
				GCC_PREPROCESSOR_DEFINITIONS = (
					"DEBUG=1",
					"$(inherited)",
				);
				GCC_WARN_64_TO_32_BIT_CONVERSION = YES;
				GCC_WARN_ABOUT_RETURN_TYPE = YES_ERROR;
				GCC_WARN_UNDECLARED_SELECTOR = YES;
				GCC_WARN_UNINITIALIZED_AUTOS = YES_AGGRESSIVE;
				GCC_WARN_UNUSED_FUNCTION = YES;
				GCC_WARN_UNUSED_VARIABLE = YES;
				IPHONEOS_DEPLOYMENT_TARGET = 17.5;
				LOCALIZATION_PREFERS_STRING_CATALOGS = YES;
				MTL_ENABLE_DEBUG_INFO = INCLUDE_SOURCE;
				MTL_FAST_MATH = YES;
				ONLY_ACTIVE_ARCH = YES;
				SDKROOT = iphoneos;
				SWIFT_ACTIVE_COMPILATION_CONDITIONS = "DEBUG $(inherited)";
				SWIFT_OPTIMIZATION_LEVEL = "-Onone";
			};
			name = Debug;
		};
		F366AEDC2CF8877600D05D24 /* Release */ = {
			isa = XCBuildConfiguration;
			buildSettings = {
				ALWAYS_SEARCH_USER_PATHS = NO;
				ASSETCATALOG_COMPILER_GENERATE_SWIFT_ASSET_SYMBOL_EXTENSIONS = YES;
				CLANG_ANALYZER_NONNULL = YES;
				CLANG_ANALYZER_NUMBER_OBJECT_CONVERSION = YES_AGGRESSIVE;
				CLANG_CXX_LANGUAGE_STANDARD = "gnu++20";
				CLANG_ENABLE_MODULES = YES;
				CLANG_ENABLE_OBJC_ARC = YES;
				CLANG_ENABLE_OBJC_WEAK = YES;
				CLANG_WARN_BLOCK_CAPTURE_AUTORELEASING = YES;
				CLANG_WARN_BOOL_CONVERSION = YES;
				CLANG_WARN_COMMA = YES;
				CLANG_WARN_CONSTANT_CONVERSION = YES;
				CLANG_WARN_DEPRECATED_OBJC_IMPLEMENTATIONS = YES;
				CLANG_WARN_DIRECT_OBJC_ISA_USAGE = YES_ERROR;
				CLANG_WARN_DOCUMENTATION_COMMENTS = YES;
				CLANG_WARN_EMPTY_BODY = YES;
				CLANG_WARN_ENUM_CONVERSION = YES;
				CLANG_WARN_INFINITE_RECURSION = YES;
				CLANG_WARN_INT_CONVERSION = YES;
				CLANG_WARN_NON_LITERAL_NULL_CONVERSION = YES;
				CLANG_WARN_OBJC_IMPLICIT_RETAIN_SELF = YES;
				CLANG_WARN_OBJC_LITERAL_CONVERSION = YES;
				CLANG_WARN_OBJC_ROOT_CLASS = YES_ERROR;
				CLANG_WARN_QUOTED_INCLUDE_IN_FRAMEWORK_HEADER = YES;
				CLANG_WARN_RANGE_LOOP_ANALYSIS = YES;
				CLANG_WARN_STRICT_PROTOTYPES = YES;
				CLANG_WARN_SUSPICIOUS_MOVE = YES;
				CLANG_WARN_UNGUARDED_AVAILABILITY = YES_AGGRESSIVE;
				CLANG_WARN_UNREACHABLE_CODE = YES;
				CLANG_WARN__DUPLICATE_METHOD_MATCH = YES;
				COPY_PHASE_STRIP = NO;
				DEBUG_INFORMATION_FORMAT = "dwarf-with-dsym";
				ENABLE_NS_ASSERTIONS = NO;
				ENABLE_STRICT_OBJC_MSGSEND = YES;
				ENABLE_USER_SCRIPT_SANDBOXING = YES;
				GCC_C_LANGUAGE_STANDARD = gnu17;
				GCC_NO_COMMON_BLOCKS = YES;
				GCC_WARN_64_TO_32_BIT_CONVERSION = YES;
				GCC_WARN_ABOUT_RETURN_TYPE = YES_ERROR;
				GCC_WARN_UNDECLARED_SELECTOR = YES;
				GCC_WARN_UNINITIALIZED_AUTOS = YES_AGGRESSIVE;
				GCC_WARN_UNUSED_FUNCTION = YES;
				GCC_WARN_UNUSED_VARIABLE = YES;
				IPHONEOS_DEPLOYMENT_TARGET = 17.5;
				LOCALIZATION_PREFERS_STRING_CATALOGS = YES;
				MTL_ENABLE_DEBUG_INFO = NO;
				MTL_FAST_MATH = YES;
				SDKROOT = iphoneos;
				SWIFT_COMPILATION_MODE = wholemodule;
				VALIDATE_PRODUCT = YES;
			};
			name = Release;
		};
		F366AEDE2CF8877600D05D24 /* Debug */ = {
			isa = XCBuildConfiguration;
			buildSettings = {
				ASSETCATALOG_COMPILER_APPICON_NAME = AppIcon;
				ASSETCATALOG_COMPILER_GLOBAL_ACCENT_COLOR_NAME = AccentColor;
				CODE_SIGN_STYLE = Automatic;
				CURRENT_PROJECT_VERSION = 1;
				DEVELOPMENT_ASSET_PATHS = "\"Reforest/Preview Content\"";
				DEVELOPMENT_TEAM = J7ZP3WYXRW;
				ENABLE_PREVIEWS = YES;
				GENERATE_INFOPLIST_FILE = YES;
				INFOPLIST_KEY_UIApplicationSceneManifest_Generation = YES;
				INFOPLIST_KEY_UIApplicationSupportsIndirectInputEvents = YES;
				INFOPLIST_KEY_UILaunchScreen_Generation = YES;
				INFOPLIST_KEY_UISupportedInterfaceOrientations_iPad = "UIInterfaceOrientationPortrait UIInterfaceOrientationPortraitUpsideDown UIInterfaceOrientationLandscapeLeft UIInterfaceOrientationLandscapeRight";
				INFOPLIST_KEY_UISupportedInterfaceOrientations_iPhone = "UIInterfaceOrientationPortrait UIInterfaceOrientationLandscapeLeft UIInterfaceOrientationLandscapeRight";
				LD_RUNPATH_SEARCH_PATHS = (
					"$(inherited)",
					"@executable_path/Frameworks",
				);
				MARKETING_VERSION = 1.0;
				PRODUCT_BUNDLE_IDENTIFIER = heondo.Reforest;
				PRODUCT_NAME = "$(TARGET_NAME)";
				SWIFT_EMIT_LOC_STRINGS = YES;
				SWIFT_VERSION = 5.0;
				TARGETED_DEVICE_FAMILY = "1,2";
			};
			name = Debug;
		};
		F366AEDF2CF8877600D05D24 /* Release */ = {
			isa = XCBuildConfiguration;
			buildSettings = {
				ASSETCATALOG_COMPILER_APPICON_NAME = AppIcon;
				ASSETCATALOG_COMPILER_GLOBAL_ACCENT_COLOR_NAME = AccentColor;
				CODE_SIGN_STYLE = Automatic;
				CURRENT_PROJECT_VERSION = 1;
				DEVELOPMENT_ASSET_PATHS = "\"Reforest/Preview Content\"";
				DEVELOPMENT_TEAM = J7ZP3WYXRW;
				ENABLE_PREVIEWS = YES;
				GENERATE_INFOPLIST_FILE = YES;
				INFOPLIST_KEY_UIApplicationSceneManifest_Generation = YES;
				INFOPLIST_KEY_UIApplicationSupportsIndirectInputEvents = YES;
				INFOPLIST_KEY_UILaunchScreen_Generation = YES;
				INFOPLIST_KEY_UISupportedInterfaceOrientations_iPad = "UIInterfaceOrientationPortrait UIInterfaceOrientationPortraitUpsideDown UIInterfaceOrientationLandscapeLeft UIInterfaceOrientationLandscapeRight";
				INFOPLIST_KEY_UISupportedInterfaceOrientations_iPhone = "UIInterfaceOrientationPortrait UIInterfaceOrientationLandscapeLeft UIInterfaceOrientationLandscapeRight";
				LD_RUNPATH_SEARCH_PATHS = (
					"$(inherited)",
					"@executable_path/Frameworks",
				);
				MARKETING_VERSION = 1.0;
				PRODUCT_BUNDLE_IDENTIFIER = heondo.Reforest;
				PRODUCT_NAME = "$(TARGET_NAME)";
				SWIFT_EMIT_LOC_STRINGS = YES;
				SWIFT_VERSION = 5.0;
				TARGETED_DEVICE_FAMILY = "1,2";
			};
			name = Release;
		};
/* End XCBuildConfiguration section */

/* Begin XCConfigurationList section */
		F366AEC52CF8877400D05D24 /* Build configuration list for PBXProject "Reforest" */ = {
			isa = XCConfigurationList;
			buildConfigurations = (
				F366AEDB2CF8877600D05D24 /* Debug */,
				F366AEDC2CF8877600D05D24 /* Release */,
			);
			defaultConfigurationIsVisible = 0;
			defaultConfigurationName = Release;
		};
		F366AEDD2CF8877600D05D24 /* Build configuration list for PBXNativeTarget "Reforest" */ = {
			isa = XCConfigurationList;
			buildConfigurations = (
				F366AEDE2CF8877600D05D24 /* Debug */,
				F366AEDF2CF8877600D05D24 /* Release */,
			);
			defaultConfigurationIsVisible = 0;
			defaultConfigurationName = Release;
		};
/* End XCConfigurationList section */

/* Begin XCVersionGroup section */
		F366AED82CF8877600D05D24 /* Reforest.xcdatamodeld */ = {
			isa = XCVersionGroup;
			children = (
				F366AED92CF8877600D05D24 /* Reforest.xcdatamodel */,
			);
			currentVersion = F366AED92CF8877600D05D24 /* Reforest.xcdatamodel */;
			path = Reforest.xcdatamodeld;
			sourceTree = "<group>";
			versionGroupType = wrapper.xcdatamodel;
		};
/* End XCVersionGroup section */
	};
	rootObject = F366AEC22CF8877400D05D24 /* Project object */;
}
